{
  "name": "@ldn0x7dc/react-native-slider",
  "version": "0.0.3",
  "lockfileVersion": 1,
  "requires": true,
  "dependencies": {
    "react-native-gesture-responder": {
      "version": "0.0.10",
      "resolved": "https://registry.npmjs.org/react-native-gesture-responder/-/react-native-gesture-responder-0.0.10.tgz",
      "integrity": "sha1-Mu5sdGyOpzVZwKoVERM1bbXEwpc=",
      "requires": {
        "react-timer-mixin": "^0.13.3"
      }
    },
    "react-timer-mixin": {
      "version": "0.13.4",
      "resolved": "https://registry.npmjs.org/react-timer-mixin/-/react-timer-mixin-0.13.4.tgz",
      "integrity": "sha512-4+ow23tp/Tv7hBM5Az5/Be/eKKF7DIvJ09voz5LyHGQaqqz9WV8YMs31eFvcYQs7d451LSg7kDJV70XYN/Ug/Q=="
    }
  }
}
